
Microsoft Visual Studio Solution File, Format Version 12.00
# Visual Studio Version 17
VisualStudioVersion = 17.3.32929.385
MinimumVisualStudioVersion = 10.0.40219.1
Project("{FAE04EC0-301F-11D3-BF4B-00C04F79EFBC}") = "Lab6", "Lab6\Lab6.csproj", "{18B217F8-37BD-424D-820B-0A89F153FF9D}"
EndProject
Global
	GlobalSection(SolutionConfigurationPlatforms) = preSolution
		Debug|Any CPU = Debug|Any CPU
		Release|Any CPU = Release|Any CPU
	EndGlobalSection
	GlobalSection(ProjectConfigurationPlatforms) = postSolution
		{18B217F8-37BD-424D-820B-0A89F153FF9D}.Debug|Any CPU.ActiveCfg = Debug|Any CPU
		{18B217F8-37BD-424D-820B-0A89F153FF9D}.Debug|Any CPU.Build.0 = Debug|Any CPU
		{18B217F8-37BD-424D-820B-0A89F153FF9D}.Release|Any CPU.ActiveCfg = Release|Any CPU
		{18B217F8-37BD-424D-820B-0A89F153FF9D}.Release|Any CPU.Build.0 = Release|Any CPU
	EndGlobalSection
	GlobalSection(SolutionProperties) = preSolution
		HideSolutionNode = FALSE
	EndGlobalSection
	GlobalSection(ExtensibilityGlobals) = postSolution
		SolutionGuid = {322B1F02-D62B-43AC-9584-3DB99DF41DB6}
	EndGlobalSection
EndGlobal
